
Microsoft Visual Studio Solution File, Format Version 12.00
# Visual Studio 15
VisualStudioVersion = 15.0.28307.645
MinimumVisualStudioVersion = 10.0.40219.1
Project("{FAE04EC0-301F-11D3-BF4B-00C04F79EFBC}") = "Liverpool", "Liverpool\Liverpool.csproj", "{BE9CD126-CCA3-4C0D-8ABC-B28D12757CC8}"
EndProject
Global
	GlobalSection(SolutionConfigurationPlatforms) = preSolution
		Debug|Any CPU = Debug|Any CPU
		Release|Any CPU = Release|Any CPU
	EndGlobalSection
	GlobalSection(ProjectConfigurationPlatforms) = postSolution
		{BE9CD126-CCA3-4C0D-8ABC-B28D12757CC8}.Debug|Any CPU.ActiveCfg = Debug|Any CPU
		{BE9CD126-CCA3-4C0D-8ABC-B28D12757CC8}.Debug|Any CPU.Build.0 = Debug|Any CPU
		{BE9CD126-CCA3-4C0D-8ABC-B28D12757CC8}.Release|Any CPU.ActiveCfg = Release|Any CPU
		{BE9CD126-CCA3-4C0D-8ABC-B28D12757CC8}.Release|Any CPU.Build.0 = Release|Any CPU
	EndGlobalSection
	GlobalSection(SolutionProperties) = preSolution
		HideSolutionNode = FALSE
	EndGlobalSection
	GlobalSection(ExtensibilityGlobals) = postSolution
		SolutionGuid = {E497E1F3-86C9-4BF7-8CF7-E934CA7DB4CF}
	EndGlobalSection
EndGlobal
